
Microsoft Visual Studio Solution File, Format Version 12.00
# Visual Studio 15
VisualStudioVersion = 15.0.28307.572
MinimumVisualStudioVersion = 10.0.40219.1
Project("{FAE04EC0-301F-11D3-BF4B-00C04F79EFBC}") = "LightBilling", "LightBilling\LightBilling.csproj", "{83D51D54-3095-4E3B-8A20-26F7C5998B8C}"
EndProject
Project("{FAE04EC0-301F-11D3-BF4B-00C04F79EFBC}") = "Api", "Api\Api.csproj", "{90533904-C837-4D4A-BDCF-CDCA7EEF6D03}"
EndProject
Project("{FAE04EC0-301F-11D3-BF4B-00C04F79EFBC}") = "Db", "Db\Db.csproj", "{E2E787F5-6C87-415C-AED8-6B04176A8B78}"
EndProject
Project("{FAE04EC0-301F-11D3-BF4B-00C04F79EFBC}") = "Domain", "Domain\Domain.csproj", "{68D5B810-5A73-4427-8FD4-2ED940E3092F}"
EndProject
Project("{FAE04EC0-301F-11D3-BF4B-00C04F79EFBC}") = "LightBillingTests", "LightBillingTests\LightBillingTests.csproj", "{0243DC3B-7026-41CC-A1BE-D3FBB723383B}"
EndProject
Global
	GlobalSection(SolutionConfigurationPlatforms) = preSolution
		Debug|Any CPU = Debug|Any CPU
		Release|Any CPU = Release|Any CPU
	EndGlobalSection
	GlobalSection(ProjectConfigurationPlatforms) = postSolution
		{83D51D54-3095-4E3B-8A20-26F7C5998B8C}.Debug|Any CPU.ActiveCfg = Debug|Any CPU
		{83D51D54-3095-4E3B-8A20-26F7C5998B8C}.Debug|Any CPU.Build.0 = Debug|Any CPU
		{83D51D54-3095-4E3B-8A20-26F7C5998B8C}.Release|Any CPU.ActiveCfg = Release|Any CPU
		{83D51D54-3095-4E3B-8A20-26F7C5998B8C}.Release|Any CPU.Build.0 = Release|Any CPU
		{90533904-C837-4D4A-BDCF-CDCA7EEF6D03}.Debug|Any CPU.ActiveCfg = Debug|Any CPU
		{90533904-C837-4D4A-BDCF-CDCA7EEF6D03}.Debug|Any CPU.Build.0 = Debug|Any CPU
		{90533904-C837-4D4A-BDCF-CDCA7EEF6D03}.Release|Any CPU.ActiveCfg = Release|Any CPU
		{90533904-C837-4D4A-BDCF-CDCA7EEF6D03}.Release|Any CPU.Build.0 = Release|Any CPU
		{E2E787F5-6C87-415C-AED8-6B04176A8B78}.Debug|Any CPU.ActiveCfg = Debug|Any CPU
		{E2E787F5-6C87-415C-AED8-6B04176A8B78}.Debug|Any CPU.Build.0 = Debug|Any CPU
		{E2E787F5-6C87-415C-AED8-6B04176A8B78}.Release|Any CPU.ActiveCfg = Release|Any CPU
		{E2E787F5-6C87-415C-AED8-6B04176A8B78}.Release|Any CPU.Build.0 = Release|Any CPU
		{68D5B810-5A73-4427-8FD4-2ED940E3092F}.Debug|Any CPU.ActiveCfg = Debug|Any CPU
		{68D5B810-5A73-4427-8FD4-2ED940E3092F}.Debug|Any CPU.Build.0 = Debug|Any CPU
		{68D5B810-5A73-4427-8FD4-2ED940E3092F}.Release|Any CPU.ActiveCfg = Release|Any CPU
		{68D5B810-5A73-4427-8FD4-2ED940E3092F}.Release|Any CPU.Build.0 = Release|Any CPU
		{0243DC3B-7026-41CC-A1BE-D3FBB723383B}.Debug|Any CPU.ActiveCfg = Debug|Any CPU
		{0243DC3B-7026-41CC-A1BE-D3FBB723383B}.Debug|Any CPU.Build.0 = Debug|Any CPU
		{0243DC3B-7026-41CC-A1BE-D3FBB723383B}.Release|Any CPU.ActiveCfg = Release|Any CPU
		{0243DC3B-7026-41CC-A1BE-D3FBB723383B}.Release|Any CPU.Build.0 = Release|Any CPU
	EndGlobalSection
	GlobalSection(SolutionProperties) = preSolution
		HideSolutionNode = FALSE
	EndGlobalSection
	GlobalSection(ExtensibilityGlobals) = postSolution
		SolutionGuid = {E8D0BE98-A086-4EFC-AD8A-C333723BEFE4}
	EndGlobalSection
EndGlobal
